// !$*UTF8*$!
{
	archiveVersion = 1;
	classes = {
	};
	objectVersion = 56;
	objects = {

/* Begin PBXBuildFile section */
		8B4435272D4623AD00B67A6B /* DateFormatterExtension.swift in Sources */ = {isa = PBXBuildFile; fileRef = 8B4435262D4623AD00B67A6B /* DateFormatterExtension.swift */; };
		8B4921312D43289800E32D95 /* StepsChartView.swift in Sources */ = {isa = PBXBuildFile; fileRef = 8B4921302D43289800E32D95 /* StepsChartView.swift */; };
		8B4921332D4328AC00E32D95 /* StepsListView.swift in Sources */ = {isa = PBXBuildFile; fileRef = 8B4921322D4328AC00E32D95 /* StepsListView.swift */; };
		8B54EB772D3F099B0013EFD1 /* AuthenticationFormExtension.swift in Sources */ = {isa = PBXBuildFile; fileRef = 8B54EB762D3F099B0013EFD1 /* AuthenticationFormExtension.swift */; };
		8B6366032D419A2000CABE7E /* PacePalTabView.swift in Sources */ = {isa = PBXBuildFile; fileRef = 8B6366022D419A2000CABE7E /* PacePalTabView.swift */; };
		8B6366072D419FAC00CABE7E /* HealthModel.swift in Sources */ = {isa = PBXBuildFile; fileRef = 8B6366062D419FAC00CABE7E /* HealthModel.swift */; };
		8B6366092D419FBC00CABE7E /* HealthViewModel.swift in Sources */ = {isa = PBXBuildFile; fileRef = 8B6366082D419FBC00CABE7E /* HealthViewModel.swift */; };
		8B63660D2D41B2F900CABE7E /* DateExtension.swift in Sources */ = {isa = PBXBuildFile; fileRef = 8B63660C2D41B2F900CABE7E /* DateExtension.swift */; };
		8B63660F2D4232E000CABE7E /* SettingsView.swift in Sources */ = {isa = PBXBuildFile; fileRef = 8B63660E2D4232E000CABE7E /* SettingsView.swift */; };
		8B682B0F2D3AF6C100A5AC34 /* LoginView.swift in Sources */ = {isa = PBXBuildFile; fileRef = 8B682B0E2D3AF6C100A5AC34 /* LoginView.swift */; };
		8B682B192D3B01B000A5AC34 /* ViewExtension.swift in Sources */ = {isa = PBXBuildFile; fileRef = 8B682B182D3B01B000A5AC34 /* ViewExtension.swift */; };
		8B682B1B2D3B05E500A5AC34 /* ColorExtension.swift in Sources */ = {isa = PBXBuildFile; fileRef = 8B682B1A2D3B05E500A5AC34 /* ColorExtension.swift */; };
		8B682B1D2D3B12F000A5AC34 /* ForgotPasswordView.swift in Sources */ = {isa = PBXBuildFile; fileRef = 8B682B1C2D3B12F000A5AC34 /* ForgotPasswordView.swift */; };
		8B682B232D3B32BB00A5AC34 /* GoogleService-Info.plist in Resources */ = {isa = PBXBuildFile; fileRef = 8B682B222D3B32BB00A5AC34 /* GoogleService-Info.plist */; };
		8B682B262D3B341B00A5AC34 /* FirebaseAnalytics in Frameworks */ = {isa = PBXBuildFile; productRef = 8B682B252D3B341B00A5AC34 /* FirebaseAnalytics */; };
		8B68FE812D3F69B0002978DC /* HomeView.swift in Sources */ = {isa = PBXBuildFile; fileRef = 8B68FE802D3F69B0002978DC /* HomeView.swift */; };
		8B6AEFF32D46FA23006BF79E /* EditProfileView.swift in Sources */ = {isa = PBXBuildFile; fileRef = 8B6AEFF22D46FA23006BF79E /* EditProfileView.swift */; };
		8B6AF1042D348F3A00BB31B9 /* PacePalApp.swift in Sources */ = {isa = PBXBuildFile; fileRef = 8B6AF1032D348F3A00BB31B9 /* PacePalApp.swift */; };
		8B6AF1062D348F3A00BB31B9 /* ContentView.swift in Sources */ = {isa = PBXBuildFile; fileRef = 8B6AF1052D348F3A00BB31B9 /* ContentView.swift */; };
		8B6AF1082D348F3B00BB31B9 /* Assets.xcassets in Resources */ = {isa = PBXBuildFile; fileRef = 8B6AF1072D348F3B00BB31B9 /* Assets.xcassets */; };
		8B6AF10B2D348F3B00BB31B9 /* Preview Assets.xcassets in Resources */ = {isa = PBXBuildFile; fileRef = 8B6AF10A2D348F3B00BB31B9 /* Preview Assets.xcassets */; };
		8B6CB32F2D3CCE180090BC23 /* UserModel.swift in Sources */ = {isa = PBXBuildFile; fileRef = 8B6CB32E2D3CCE180090BC23 /* UserModel.swift */; };
		8B6CB3312D3CCE750090BC23 /* SignupView.swift in Sources */ = {isa = PBXBuildFile; fileRef = 8B6CB3302D3CCE750090BC23 /* SignupView.swift */; };
		8B70409C2D3DECDF007E4BDB /* ProfileView.swift in Sources */ = {isa = PBXBuildFile; fileRef = 8B70409B2D3DECDF007E4BDB /* ProfileView.swift */; };
		8B70409E2D3DF50D007E4BDB /* SettingsRowView.swift in Sources */ = {isa = PBXBuildFile; fileRef = 8B70409D2D3DF50D007E4BDB /* SettingsRowView.swift */; };
		8B7040A02D3DFCCC007E4BDB /* FirebaseFirestore in Frameworks */ = {isa = PBXBuildFile; productRef = 8B70409F2D3DFCCC007E4BDB /* FirebaseFirestore */; };
		8B7040A22D3DFCCC007E4BDB /* FirebaseStorage in Frameworks */ = {isa = PBXBuildFile; productRef = 8B7040A12D3DFCCC007E4BDB /* FirebaseStorage */; };
		8B7040A42D3DFD2A007E4BDB /* AuthViewModel.swift in Sources */ = {isa = PBXBuildFile; fileRef = 8B7040A32D3DFD2A007E4BDB /* AuthViewModel.swift */; };
		8B7040A62D3DFE88007E4BDB /* FirebaseAuth in Frameworks */ = {isa = PBXBuildFile; productRef = 8B7040A52D3DFE88007E4BDB /* FirebaseAuth */; };
		8B7040A82D3DFE88007E4BDB /* FirebaseDatabase in Frameworks */ = {isa = PBXBuildFile; productRef = 8B7040A72D3DFE88007E4BDB /* FirebaseDatabase */; };
		8B70D0432D485B970081D3DF /* ServerView.swift in Sources */ = {isa = PBXBuildFile; fileRef = 8B70D0422D485B970081D3DF /* ServerView.swift */; };
/* End PBXBuildFile section */

/* Begin PBXFileReference section */
		8B4435262D4623AD00B67A6B /* DateFormatterExtension.swift */ = {isa = PBXFileReference; lastKnownFileType = sourcecode.swift; path = DateFormatterExtension.swift; sourceTree = "<group>"; };
		8B4921302D43289800E32D95 /* StepsChartView.swift */ = {isa = PBXFileReference; lastKnownFileType = sourcecode.swift; path = StepsChartView.swift; sourceTree = "<group>"; };
		8B4921322D4328AC00E32D95 /* StepsListView.swift */ = {isa = PBXFileReference; lastKnownFileType = sourcecode.swift; path = StepsListView.swift; sourceTree = "<group>"; };
		8B54EB762D3F099B0013EFD1 /* AuthenticationFormExtension.swift */ = {isa = PBXFileReference; lastKnownFileType = sourcecode.swift; path = AuthenticationFormExtension.swift; sourceTree = "<group>"; };
		8B6366022D419A2000CABE7E /* PacePalTabView.swift */ = {isa = PBXFileReference; lastKnownFileType = sourcecode.swift; path = PacePalTabView.swift; sourceTree = "<group>"; };
		8B6366062D419FAC00CABE7E /* HealthModel.swift */ = {isa = PBXFileReference; lastKnownFileType = sourcecode.swift; path = HealthModel.swift; sourceTree = "<group>"; };
		8B6366082D419FBC00CABE7E /* HealthViewModel.swift */ = {isa = PBXFileReference; lastKnownFileType = sourcecode.swift; path = HealthViewModel.swift; sourceTree = "<group>"; };
		8B63660A2D41A08B00CABE7E /* PacePal.entitlements */ = {isa = PBXFileReference; lastKnownFileType = text.plist.entitlements; path = PacePal.entitlements; sourceTree = "<group>"; };
		8B63660B2D41AF4500CABE7E /* Info.plist */ = {isa = PBXFileReference; lastKnownFileType = text.plist; path = Info.plist; sourceTree = "<group>"; };
		8B63660C2D41B2F900CABE7E /* DateExtension.swift */ = {isa = PBXFileReference; lastKnownFileType = sourcecode.swift; path = DateExtension.swift; sourceTree = "<group>"; };
		8B63660E2D4232E000CABE7E /* SettingsView.swift */ = {isa = PBXFileReference; lastKnownFileType = sourcecode.swift; path = SettingsView.swift; sourceTree = "<group>"; };
		8B682B0E2D3AF6C100A5AC34 /* LoginView.swift */ = {isa = PBXFileReference; lastKnownFileType = sourcecode.swift; path = LoginView.swift; sourceTree = "<group>"; };
		8B682B182D3B01B000A5AC34 /* ViewExtension.swift */ = {isa = PBXFileReference; lastKnownFileType = sourcecode.swift; path = ViewExtension.swift; sourceTree = "<group>"; };
		8B682B1A2D3B05E500A5AC34 /* ColorExtension.swift */ = {isa = PBXFileReference; lastKnownFileType = sourcecode.swift; path = ColorExtension.swift; sourceTree = "<group>"; };
		8B682B1C2D3B12F000A5AC34 /* ForgotPasswordView.swift */ = {isa = PBXFileReference; lastKnownFileType = sourcecode.swift; path = ForgotPasswordView.swift; sourceTree = "<group>"; };
		8B682B222D3B32BB00A5AC34 /* GoogleService-Info.plist */ = {isa = PBXFileReference; fileEncoding = 4; lastKnownFileType = text.plist.xml; path = "GoogleService-Info.plist"; sourceTree = "<group>"; };
		8B68FE802D3F69B0002978DC /* HomeView.swift */ = {isa = PBXFileReference; lastKnownFileType = sourcecode.swift; path = HomeView.swift; sourceTree = "<group>"; };
		8B6AEFF22D46FA23006BF79E /* EditProfileView.swift */ = {isa = PBXFileReference; lastKnownFileType = sourcecode.swift; path = EditProfileView.swift; sourceTree = "<group>"; };
		8B6AF1002D348F3A00BB31B9 /* PacePal.app */ = {isa = PBXFileReference; explicitFileType = wrapper.application; includeInIndex = 0; path = PacePal.app; sourceTree = BUILT_PRODUCTS_DIR; };
		8B6AF1032D348F3A00BB31B9 /* PacePalApp.swift */ = {isa = PBXFileReference; lastKnownFileType = sourcecode.swift; path = PacePalApp.swift; sourceTree = "<group>"; };
		8B6AF1052D348F3A00BB31B9 /* ContentView.swift */ = {isa = PBXFileReference; lastKnownFileType = sourcecode.swift; path = ContentView.swift; sourceTree = "<group>"; };
		8B6AF1072D348F3B00BB31B9 /* Assets.xcassets */ = {isa = PBXFileReference; lastKnownFileType = folder.assetcatalog; path = Assets.xcassets; sourceTree = "<group>"; };
		8B6AF10A2D348F3B00BB31B9 /* Preview Assets.xcassets */ = {isa = PBXFileReference; lastKnownFileType = folder.assetcatalog; path = "Preview Assets.xcassets"; sourceTree = "<group>"; };
		8B6CB32E2D3CCE180090BC23 /* UserModel.swift */ = {isa = PBXFileReference; lastKnownFileType = sourcecode.swift; path = UserModel.swift; sourceTree = "<group>"; };
		8B6CB3302D3CCE750090BC23 /* SignupView.swift */ = {isa = PBXFileReference; lastKnownFileType = sourcecode.swift; path = SignupView.swift; sourceTree = "<group>"; };
		8B70409B2D3DECDF007E4BDB /* ProfileView.swift */ = {isa = PBXFileReference; lastKnownFileType = sourcecode.swift; path = ProfileView.swift; sourceTree = "<group>"; };
		8B70409D2D3DF50D007E4BDB /* SettingsRowView.swift */ = {isa = PBXFileReference; lastKnownFileType = sourcecode.swift; path = SettingsRowView.swift; sourceTree = "<group>"; };
		8B7040A32D3DFD2A007E4BDB /* AuthViewModel.swift */ = {isa = PBXFileReference; lastKnownFileType = sourcecode.swift; path = AuthViewModel.swift; sourceTree = "<group>"; };
		8B70D0422D485B970081D3DF /* ServerView.swift */ = {isa = PBXFileReference; lastKnownFileType = sourcecode.swift; path = ServerView.swift; sourceTree = "<group>"; };
/* End PBXFileReference section */

/* Begin PBXFrameworksBuildPhase section */
		8B6AF0FD2D348F3A00BB31B9 /* Frameworks */ = {
			isa = PBXFrameworksBuildPhase;
			buildActionMask = 2147483647;
			files = (
				8B7040A82D3DFE88007E4BDB /* FirebaseDatabase in Frameworks */,
				8B682B262D3B341B00A5AC34 /* FirebaseAnalytics in Frameworks */,
				8B7040A02D3DFCCC007E4BDB /* FirebaseFirestore in Frameworks */,
				8B7040A22D3DFCCC007E4BDB /* FirebaseStorage in Frameworks */,
				8B7040A62D3DFE88007E4BDB /* FirebaseAuth in Frameworks */,
			);
			runOnlyForDeploymentPostprocessing = 0;
		};
/* End PBXFrameworksBuildPhase section */

/* Begin PBXGroup section */
		8B6366042D419F8100CABE7E /* Models */ = {
			isa = PBXGroup;
			children = (
				8B6366062D419FAC00CABE7E /* HealthModel.swift */,
			);
			path = Models;
			sourceTree = "<group>";
		};
		8B6366052D419F9900CABE7E /* ViewModels */ = {
			isa = PBXGroup;
			children = (
				8B6366082D419FBC00CABE7E /* HealthViewModel.swift */,
			);
			path = ViewModels;
			sourceTree = "<group>";
		};
		8B682B092D3AF41D00A5AC34 /* Features */ = {
			isa = PBXGroup;
			children = (
				8B70D0402D485B6D0081D3DF /* Server */,
				8B68FE7E2D3F6966002978DC /* Home */,
				8B7040AC2D3E265B007E4BDB /* Root */,
				8B7040A92D3E0384007E4BDB /* Profile */,
				8B682B0A2D3AF42500A5AC34 /* Authentication */,
			);
			path = Features;
			sourceTree = "<group>";
		};
		8B682B0A2D3AF42500A5AC34 /* Authentication */ = {
			isa = PBXGroup;
			children = (
				8B682B0D2D3AF4C000A5AC34 /* ViewModels */,
				8B682B0C2D3AF4B700A5AC34 /* Views */,
				8B682B0B2D3AF4AF00A5AC34 /* Models */,
			);
			path = Authentication;
			sourceTree = "<group>";
		};
		8B682B0B2D3AF4AF00A5AC34 /* Models */ = {
			isa = PBXGroup;
			children = (
				8B6CB32E2D3CCE180090BC23 /* UserModel.swift */,
			);
			path = Models;
			sourceTree = "<group>";
		};
		8B682B0C2D3AF4B700A5AC34 /* Views */ = {
			isa = PBXGroup;
			children = (
				8B682B0E2D3AF6C100A5AC34 /* LoginView.swift */,
				8B682B1C2D3B12F000A5AC34 /* ForgotPasswordView.swift */,
				8B6CB3302D3CCE750090BC23 /* SignupView.swift */,
			);
			path = Views;
			sourceTree = "<group>";
		};
		8B682B0D2D3AF4C000A5AC34 /* ViewModels */ = {
			isa = PBXGroup;
			children = (
				8B7040A32D3DFD2A007E4BDB /* AuthViewModel.swift */,
			);
			path = ViewModels;
			sourceTree = "<group>";
		};
		8B682B162D3B014700A5AC34 /* Utilities */ = {
			isa = PBXGroup;
			children = (
				8B682B172D3B014E00A5AC34 /* Extensions */,
			);
			path = Utilities;
			sourceTree = "<group>";
		};
		8B682B172D3B014E00A5AC34 /* Extensions */ = {
			isa = PBXGroup;
			children = (
				8B682B182D3B01B000A5AC34 /* ViewExtension.swift */,
				8B682B1A2D3B05E500A5AC34 /* ColorExtension.swift */,
				8B54EB762D3F099B0013EFD1 /* AuthenticationFormExtension.swift */,
				8B63660C2D41B2F900CABE7E /* DateExtension.swift */,
				8B4435262D4623AD00B67A6B /* DateFormatterExtension.swift */,
			);
			path = Extensions;
			sourceTree = "<group>";
		};
		8B68FE7E2D3F6966002978DC /* Home */ = {
			isa = PBXGroup;
			children = (
				8B6366052D419F9900CABE7E /* ViewModels */,
				8B6366042D419F8100CABE7E /* Models */,
				8B68FE7F2D3F696F002978DC /* Views */,
			);
			path = Home;
			sourceTree = "<group>";
		};
		8B68FE7F2D3F696F002978DC /* Views */ = {
			isa = PBXGroup;
			children = (
				8B68FE802D3F69B0002978DC /* HomeView.swift */,
				8B6366022D419A2000CABE7E /* PacePalTabView.swift */,
				8B4921302D43289800E32D95 /* StepsChartView.swift */,
				8B4921322D4328AC00E32D95 /* StepsListView.swift */,
			);
			path = Views;
			sourceTree = "<group>";
		};
		8B6AF0F72D348F3A00BB31B9 = {
			isa = PBXGroup;
			children = (
				8B6AF1022D348F3A00BB31B9 /* PacePal */,
				8B6AF1012D348F3A00BB31B9 /* Products */,
			);
			sourceTree = "<group>";
		};
		8B6AF1012D348F3A00BB31B9 /* Products */ = {
			isa = PBXGroup;
			children = (
				8B6AF1002D348F3A00BB31B9 /* PacePal.app */,
			);
			name = Products;
			sourceTree = "<group>";
		};
		8B6AF1022D348F3A00BB31B9 /* PacePal */ = {
			isa = PBXGroup;
			children = (
				8B63660B2D41AF4500CABE7E /* Info.plist */,
				8B63660A2D41A08B00CABE7E /* PacePal.entitlements */,
				8B7040AB2D3E0CED007E4BDB /* App */,
				8B682B162D3B014700A5AC34 /* Utilities */,
				8B682B092D3AF41D00A5AC34 /* Features */,
				8B682B222D3B32BB00A5AC34 /* GoogleService-Info.plist */,
				8B6AF1072D348F3B00BB31B9 /* Assets.xcassets */,
				8B6AF1092D348F3B00BB31B9 /* Preview Content */,
			);
			path = PacePal;
			sourceTree = "<group>";
		};
		8B6AF1092D348F3B00BB31B9 /* Preview Content */ = {
			isa = PBXGroup;
			children = (
				8B6AF10A2D348F3B00BB31B9 /* Preview Assets.xcassets */,
			);
			path = "Preview Content";
			sourceTree = "<group>";
		};
		8B7040A92D3E0384007E4BDB /* Profile */ = {
			isa = PBXGroup;
			children = (
				8B7040AA2D3E038F007E4BDB /* Views */,
			);
			path = Profile;
			sourceTree = "<group>";
		};
		8B7040AA2D3E038F007E4BDB /* Views */ = {
			isa = PBXGroup;
			children = (
				8B70409D2D3DF50D007E4BDB /* SettingsRowView.swift */,
				8B70409B2D3DECDF007E4BDB /* ProfileView.swift */,
				8B63660E2D4232E000CABE7E /* SettingsView.swift */,
				8B6AEFF22D46FA23006BF79E /* EditProfileView.swift */,
			);
			path = Views;
			sourceTree = "<group>";
		};
		8B7040AB2D3E0CED007E4BDB /* App */ = {
			isa = PBXGroup;
			children = (
				8B6AF1032D348F3A00BB31B9 /* PacePalApp.swift */,
			);
			path = App;
			sourceTree = "<group>";
		};
		8B7040AC2D3E265B007E4BDB /* Root */ = {
			isa = PBXGroup;
			children = (
				8B6AF1052D348F3A00BB31B9 /* ContentView.swift */,
			);
			path = Root;
			sourceTree = "<group>";
		};
		8B70D0402D485B6D0081D3DF /* Server */ = {
			isa = PBXGroup;
			children = (
				8B70D0412D485B8B0081D3DF /* Views */,
			);
			path = Server;
			sourceTree = "<group>";
		};
		8B70D0412D485B8B0081D3DF /* Views */ = {
			isa = PBXGroup;
			children = (
				8B70D0422D485B970081D3DF /* ServerView.swift */,
			);
			path = Views;
			sourceTree = "<group>";
		};
/* End PBXGroup section */

/* Begin PBXNativeTarget section */
		8B6AF0FF2D348F3A00BB31B9 /* PacePal */ = {
			isa = PBXNativeTarget;
			buildConfigurationList = 8B6AF10E2D348F3B00BB31B9 /* Build configuration list for PBXNativeTarget "PacePal" */;
			buildPhases = (
				8B6AF0FC2D348F3A00BB31B9 /* Sources */,
				8B6AF0FD2D348F3A00BB31B9 /* Frameworks */,
				8B6AF0FE2D348F3A00BB31B9 /* Resources */,
			);
			buildRules = (
			);
			dependencies = (
			);
			name = PacePal;
			packageProductDependencies = (
				8B682B252D3B341B00A5AC34 /* FirebaseAnalytics */,
				8B70409F2D3DFCCC007E4BDB /* FirebaseFirestore */,
				8B7040A12D3DFCCC007E4BDB /* FirebaseStorage */,
				8B7040A52D3DFE88007E4BDB /* FirebaseAuth */,
				8B7040A72D3DFE88007E4BDB /* FirebaseDatabase */,
			);
			productName = PacePal;
			productReference = 8B6AF1002D348F3A00BB31B9 /* PacePal.app */;
			productType = "com.apple.product-type.application";
		};
/* End PBXNativeTarget section */

/* Begin PBXProject section */
		8B6AF0F82D348F3A00BB31B9 /* Project object */ = {
			isa = PBXProject;
			attributes = {
				BuildIndependentTargetsInParallel = 1;
				LastSwiftUpdateCheck = 1540;
				LastUpgradeCheck = 1540;
				TargetAttributes = {
					8B6AF0FF2D348F3A00BB31B9 = {
						CreatedOnToolsVersion = 15.4;
					};
				};
			};
			buildConfigurationList = 8B6AF0FB2D348F3A00BB31B9 /* Build configuration list for PBXProject "PacePal" */;
			compatibilityVersion = "Xcode 14.0";
			developmentRegion = en;
			hasScannedForEncodings = 0;
			knownRegions = (
				en,
				Base,
			);
			mainGroup = 8B6AF0F72D348F3A00BB31B9;
			packageReferences = (
				8B682B242D3B341B00A5AC34 /* XCRemoteSwiftPackageReference "firebase-ios-sdk" */,
			);
			productRefGroup = 8B6AF1012D348F3A00BB31B9 /* Products */;
			projectDirPath = "";
			projectRoot = "";
			targets = (
				8B6AF0FF2D348F3A00BB31B9 /* PacePal */,
			);
		};
/* End PBXProject section */

/* Begin PBXResourcesBuildPhase section */
		8B6AF0FE2D348F3A00BB31B9 /* Resources */ = {
			isa = PBXResourcesBuildPhase;
			buildActionMask = 2147483647;
			files = (
				8B6AF10B2D348F3B00BB31B9 /* Preview Assets.xcassets in Resources */,
				8B6AF1082D348F3B00BB31B9 /* Assets.xcassets in Resources */,
				8B682B232D3B32BB00A5AC34 /* GoogleService-Info.plist in Resources */,
			);
			runOnlyForDeploymentPostprocessing = 0;
		};
/* End PBXResourcesBuildPhase section */

/* Begin PBXSourcesBuildPhase section */
		8B6AF0FC2D348F3A00BB31B9 /* Sources */ = {
			isa = PBXSourcesBuildPhase;
			buildActionMask = 2147483647;
			files = (
				8B682B1D2D3B12F000A5AC34 /* ForgotPasswordView.swift in Sources */,
				8B63660D2D41B2F900CABE7E /* DateExtension.swift in Sources */,
				8B682B0F2D3AF6C100A5AC34 /* LoginView.swift in Sources */,
				8B63660F2D4232E000CABE7E /* SettingsView.swift in Sources */,
				8B6366092D419FBC00CABE7E /* HealthViewModel.swift in Sources */,
				8B68FE812D3F69B0002978DC /* HomeView.swift in Sources */,
				8B6AF1062D348F3A00BB31B9 /* ContentView.swift in Sources */,
				8B6366072D419FAC00CABE7E /* HealthModel.swift in Sources */,
				8B6CB3312D3CCE750090BC23 /* SignupView.swift in Sources */,
				8B682B1B2D3B05E500A5AC34 /* ColorExtension.swift in Sources */,
				8B4921312D43289800E32D95 /* StepsChartView.swift in Sources */,
				8B682B192D3B01B000A5AC34 /* ViewExtension.swift in Sources */,
				8B4921332D4328AC00E32D95 /* StepsListView.swift in Sources */,
				8B4435272D4623AD00B67A6B /* DateFormatterExtension.swift in Sources */,
				8B6AEFF32D46FA23006BF79E /* EditProfileView.swift in Sources */,
				8B6366032D419A2000CABE7E /* PacePalTabView.swift in Sources */,
				8B70409E2D3DF50D007E4BDB /* SettingsRowView.swift in Sources */,
				8B6CB32F2D3CCE180090BC23 /* UserModel.swift in Sources */,
				8B70D0432D485B970081D3DF /* ServerView.swift in Sources */,
				8B70409C2D3DECDF007E4BDB /* ProfileView.swift in Sources */,
				8B7040A42D3DFD2A007E4BDB /* AuthViewModel.swift in Sources */,
				8B6AF1042D348F3A00BB31B9 /* PacePalApp.swift in Sources */,
				8B54EB772D3F099B0013EFD1 /* AuthenticationFormExtension.swift in Sources */,
			);
			runOnlyForDeploymentPostprocessing = 0;
		};
/* End PBXSourcesBuildPhase section */

/* Begin XCBuildConfiguration section */
		8B6AF10C2D348F3B00BB31B9 /* Debug */ = {
			isa = XCBuildConfiguration;
			buildSettings = {
				ALWAYS_SEARCH_USER_PATHS = NO;
				ASSETCATALOG_COMPILER_GENERATE_SWIFT_ASSET_SYMBOL_EXTENSIONS = YES;
				CLANG_ANALYZER_NONNULL = YES;
				CLANG_ANALYZER_NUMBER_OBJECT_CONVERSION = YES_AGGRESSIVE;
				CLANG_CXX_LANGUAGE_STANDARD = "gnu++20";
				CLANG_ENABLE_MODULES = YES;
				CLANG_ENABLE_OBJC_ARC = YES;
				CLANG_ENABLE_OBJC_WEAK = YES;
				CLANG_WARN_BLOCK_CAPTURE_AUTORELEASING = YES;
				CLANG_WARN_BOOL_CONVERSION = YES;
				CLANG_WARN_COMMA = YES;
				CLANG_WARN_CONSTANT_CONVERSION = YES;
				CLANG_WARN_DEPRECATED_OBJC_IMPLEMENTATIONS = YES;
				CLANG_WARN_DIRECT_OBJC_ISA_USAGE = YES_ERROR;
				CLANG_WARN_DOCUMENTATION_COMMENTS = YES;
				CLANG_WARN_EMPTY_BODY = YES;
				CLANG_WARN_ENUM_CONVERSION = YES;
				CLANG_WARN_INFINITE_RECURSION = YES;
				CLANG_WARN_INT_CONVERSION = YES;
				CLANG_WARN_NON_LITERAL_NULL_CONVERSION = YES;
				CLANG_WARN_OBJC_IMPLICIT_RETAIN_SELF = YES;
				CLANG_WARN_OBJC_LITERAL_CONVERSION = YES;
				CLANG_WARN_OBJC_ROOT_CLASS = YES_ERROR;
				CLANG_WARN_QUOTED_INCLUDE_IN_FRAMEWORK_HEADER = YES;
				CLANG_WARN_RANGE_LOOP_ANALYSIS = YES;
				CLANG_WARN_STRICT_PROTOTYPES = YES;
				CLANG_WARN_SUSPICIOUS_MOVE = YES;
				CLANG_WARN_UNGUARDED_AVAILABILITY = YES_AGGRESSIVE;
				CLANG_WARN_UNREACHABLE_CODE = YES;
				CLANG_WARN__DUPLICATE_METHOD_MATCH = YES;
				COPY_PHASE_STRIP = NO;
				DEBUG_INFORMATION_FORMAT = dwarf;
				ENABLE_STRICT_OBJC_MSGSEND = YES;
				ENABLE_TESTABILITY = YES;
				ENABLE_USER_SCRIPT_SANDBOXING = YES;
				GCC_C_LANGUAGE_STANDARD = gnu17;
				GCC_DYNAMIC_NO_PIC = NO;
				GCC_NO_COMMON_BLOCKS = YES;
				GCC_OPTIMIZATION_LEVEL = 0;
				GCC_PREPROCESSOR_DEFINITIONS = (
					"DEBUG=1",
					"$(inherited)",
				);
				GCC_WARN_64_TO_32_BIT_CONVERSION = YES;
				GCC_WARN_ABOUT_RETURN_TYPE = YES_ERROR;
				GCC_WARN_UNDECLARED_SELECTOR = YES;
				GCC_WARN_UNINITIALIZED_AUTOS = YES_AGGRESSIVE;
				GCC_WARN_UNUSED_FUNCTION = YES;
				GCC_WARN_UNUSED_VARIABLE = YES;
				IPHONEOS_DEPLOYMENT_TARGET = 17.5;
				LOCALIZATION_PREFERS_STRING_CATALOGS = YES;
				MTL_ENABLE_DEBUG_INFO = INCLUDE_SOURCE;
				MTL_FAST_MATH = YES;
				ONLY_ACTIVE_ARCH = YES;
				SDKROOT = iphoneos;
				SWIFT_ACTIVE_COMPILATION_CONDITIONS = "DEBUG $(inherited)";
				SWIFT_OPTIMIZATION_LEVEL = "-Onone";
			};
			name = Debug;
		};
		8B6AF10D2D348F3B00BB31B9 /* Release */ = {
			isa = XCBuildConfiguration;
			buildSettings = {
				ALWAYS_SEARCH_USER_PATHS = NO;
				ASSETCATALOG_COMPILER_GENERATE_SWIFT_ASSET_SYMBOL_EXTENSIONS = YES;
				CLANG_ANALYZER_NONNULL = YES;
				CLANG_ANALYZER_NUMBER_OBJECT_CONVERSION = YES_AGGRESSIVE;
				CLANG_CXX_LANGUAGE_STANDARD = "gnu++20";
				CLANG_ENABLE_MODULES = YES;
				CLANG_ENABLE_OBJC_ARC = YES;
				CLANG_ENABLE_OBJC_WEAK = YES;
				CLANG_WARN_BLOCK_CAPTURE_AUTORELEASING = YES;
				CLANG_WARN_BOOL_CONVERSION = YES;
				CLANG_WARN_COMMA = YES;
				CLANG_WARN_CONSTANT_CONVERSION = YES;
				CLANG_WARN_DEPRECATED_OBJC_IMPLEMENTATIONS = YES;
				CLANG_WARN_DIRECT_OBJC_ISA_USAGE = YES_ERROR;
				CLANG_WARN_DOCUMENTATION_COMMENTS = YES;
				CLANG_WARN_EMPTY_BODY = YES;
				CLANG_WARN_ENUM_CONVERSION = YES;
				CLANG_WARN_INFINITE_RECURSION = YES;
				CLANG_WARN_INT_CONVERSION = YES;
				CLANG_WARN_NON_LITERAL_NULL_CONVERSION = YES;
				CLANG_WARN_OBJC_IMPLICIT_RETAIN_SELF = YES;
				CLANG_WARN_OBJC_LITERAL_CONVERSION = YES;
				CLANG_WARN_OBJC_ROOT_CLASS = YES_ERROR;
				CLANG_WARN_QUOTED_INCLUDE_IN_FRAMEWORK_HEADER = YES;
				CLANG_WARN_RANGE_LOOP_ANALYSIS = YES;
				CLANG_WARN_STRICT_PROTOTYPES = YES;
				CLANG_WARN_SUSPICIOUS_MOVE = YES;
				CLANG_WARN_UNGUARDED_AVAILABILITY = YES_AGGRESSIVE;
				CLANG_WARN_UNREACHABLE_CODE = YES;
				CLANG_WARN__DUPLICATE_METHOD_MATCH = YES;
				COPY_PHASE_STRIP = NO;
				DEBUG_INFORMATION_FORMAT = "dwarf-with-dsym";
				ENABLE_NS_ASSERTIONS = NO;
				ENABLE_STRICT_OBJC_MSGSEND = YES;
				ENABLE_USER_SCRIPT_SANDBOXING = YES;
				GCC_C_LANGUAGE_STANDARD = gnu17;
				GCC_NO_COMMON_BLOCKS = YES;
				GCC_WARN_64_TO_32_BIT_CONVERSION = YES;
				GCC_WARN_ABOUT_RETURN_TYPE = YES_ERROR;
				GCC_WARN_UNDECLARED_SELECTOR = YES;
				GCC_WARN_UNINITIALIZED_AUTOS = YES_AGGRESSIVE;
				GCC_WARN_UNUSED_FUNCTION = YES;
				GCC_WARN_UNUSED_VARIABLE = YES;
				IPHONEOS_DEPLOYMENT_TARGET = 17.5;
				LOCALIZATION_PREFERS_STRING_CATALOGS = YES;
				MTL_ENABLE_DEBUG_INFO = NO;
				MTL_FAST_MATH = YES;
				SDKROOT = iphoneos;
				SWIFT_COMPILATION_MODE = wholemodule;
				VALIDATE_PRODUCT = YES;
			};
			name = Release;
		};
		8B6AF10F2D348F3B00BB31B9 /* Debug */ = {
			isa = XCBuildConfiguration;
			buildSettings = {
				ASSETCATALOG_COMPILER_APPICON_NAME = AppIcon;
				ASSETCATALOG_COMPILER_GLOBAL_ACCENT_COLOR_NAME = AccentColor;
				CODE_SIGN_ENTITLEMENTS = PacePal/PacePal.entitlements;
				CODE_SIGN_STYLE = Automatic;
				CURRENT_PROJECT_VERSION = 1;
				DEVELOPMENT_ASSET_PATHS = "\"PacePal/Preview Content\"";
				DEVELOPMENT_TEAM = UZ64X2MHQC;
				ENABLE_PREVIEWS = YES;
				GENERATE_INFOPLIST_FILE = YES;
				INFOPLIST_FILE = PacePal/Info.plist;
				INFOPLIST_KEY_NSHealthShareUsageDescription = "Please allow access to enjoy all the features of our application";
				INFOPLIST_KEY_UIApplicationSceneManifest_Generation = YES;
				INFOPLIST_KEY_UIApplicationSupportsIndirectInputEvents = YES;
				INFOPLIST_KEY_UILaunchScreen_Generation = YES;
				INFOPLIST_KEY_UISupportedInterfaceOrientations_iPad = "UIInterfaceOrientationPortrait UIInterfaceOrientationPortraitUpsideDown UIInterfaceOrientationLandscapeLeft UIInterfaceOrientationLandscapeRight";
				INFOPLIST_KEY_UISupportedInterfaceOrientations_iPhone = "UIInterfaceOrientationPortrait UIInterfaceOrientationLandscapeLeft UIInterfaceOrientationLandscapeRight";
				LD_RUNPATH_SEARCH_PATHS = (
					"$(inherited)",
					"@executable_path/Frameworks",
				);
				MARKETING_VERSION = 1.0;
				PRODUCT_BUNDLE_IDENTIFIER = me.Vu.Cathleen.PacePal;
				PRODUCT_NAME = "$(TARGET_NAME)";
				SWIFT_EMIT_LOC_STRINGS = YES;
				SWIFT_VERSION = 5.0;
				TARGETED_DEVICE_FAMILY = "1,2";
			};
			name = Debug;
		};
		8B6AF1102D348F3B00BB31B9 /* Release */ = {
			isa = XCBuildConfiguration;
			buildSettings = {
				ASSETCATALOG_COMPILER_APPICON_NAME = AppIcon;
				ASSETCATALOG_COMPILER_GLOBAL_ACCENT_COLOR_NAME = AccentColor;
				CODE_SIGN_ENTITLEMENTS = PacePal/PacePal.entitlements;
				CODE_SIGN_STYLE = Automatic;
				CURRENT_PROJECT_VERSION = 1;
				DEVELOPMENT_ASSET_PATHS = "\"PacePal/Preview Content\"";
				DEVELOPMENT_TEAM = UZ64X2MHQC;
				ENABLE_PREVIEWS = YES;
				GENERATE_INFOPLIST_FILE = YES;
				INFOPLIST_FILE = PacePal/Info.plist;
				INFOPLIST_KEY_NSHealthShareUsageDescription = "Please allow access to enjoy all the features of our application";
				INFOPLIST_KEY_UIApplicationSceneManifest_Generation = YES;
				INFOPLIST_KEY_UIApplicationSupportsIndirectInputEvents = YES;
				INFOPLIST_KEY_UILaunchScreen_Generation = YES;
				INFOPLIST_KEY_UISupportedInterfaceOrientations_iPad = "UIInterfaceOrientationPortrait UIInterfaceOrientationPortraitUpsideDown UIInterfaceOrientationLandscapeLeft UIInterfaceOrientationLandscapeRight";
				INFOPLIST_KEY_UISupportedInterfaceOrientations_iPhone = "UIInterfaceOrientationPortrait UIInterfaceOrientationLandscapeLeft UIInterfaceOrientationLandscapeRight";
				LD_RUNPATH_SEARCH_PATHS = (
					"$(inherited)",
					"@executable_path/Frameworks",
				);
				MARKETING_VERSION = 1.0;
				PRODUCT_BUNDLE_IDENTIFIER = me.Vu.Cathleen.PacePal;
				PRODUCT_NAME = "$(TARGET_NAME)";
				SWIFT_EMIT_LOC_STRINGS = YES;
				SWIFT_VERSION = 5.0;
				TARGETED_DEVICE_FAMILY = "1,2";
			};
			name = Release;
		};
/* End XCBuildConfiguration section */

/* Begin XCConfigurationList section */
		8B6AF0FB2D348F3A00BB31B9 /* Build configuration list for PBXProject "PacePal" */ = {
			isa = XCConfigurationList;
			buildConfigurations = (
				8B6AF10C2D348F3B00BB31B9 /* Debug */,
				8B6AF10D2D348F3B00BB31B9 /* Release */,
			);
			defaultConfigurationIsVisible = 0;
			defaultConfigurationName = Release;
		};
		8B6AF10E2D348F3B00BB31B9 /* Build configuration list for PBXNativeTarget "PacePal" */ = {
			isa = XCConfigurationList;
			buildConfigurations = (
				8B6AF10F2D348F3B00BB31B9 /* Debug */,
				8B6AF1102D348F3B00BB31B9 /* Release */,
			);
			defaultConfigurationIsVisible = 0;
			defaultConfigurationName = Release;
		};
/* End XCConfigurationList section */

/* Begin XCRemoteSwiftPackageReference section */
		8B682B242D3B341B00A5AC34 /* XCRemoteSwiftPackageReference "firebase-ios-sdk" */ = {
			isa = XCRemoteSwiftPackageReference;
			repositoryURL = "https://github.com/firebase/firebase-ios-sdk";
			requirement = {
				kind = upToNextMajorVersion;
				minimumVersion = 11.7.0;
			};
		};
/* End XCRemoteSwiftPackageReference section */

/* Begin XCSwiftPackageProductDependency section */
		8B682B252D3B341B00A5AC34 /* FirebaseAnalytics */ = {
			isa = XCSwiftPackageProductDependency;
			package = 8B682B242D3B341B00A5AC34 /* XCRemoteSwiftPackageReference "firebase-ios-sdk" */;
			productName = FirebaseAnalytics;
		};
		8B70409F2D3DFCCC007E4BDB /* FirebaseFirestore */ = {
			isa = XCSwiftPackageProductDependency;
			package = 8B682B242D3B341B00A5AC34 /* XCRemoteSwiftPackageReference "firebase-ios-sdk" */;
			productName = FirebaseFirestore;
		};
		8B7040A12D3DFCCC007E4BDB /* FirebaseStorage */ = {
			isa = XCSwiftPackageProductDependency;
			package = 8B682B242D3B341B00A5AC34 /* XCRemoteSwiftPackageReference "firebase-ios-sdk" */;
			productName = FirebaseStorage;
		};
		8B7040A52D3DFE88007E4BDB /* FirebaseAuth */ = {
			isa = XCSwiftPackageProductDependency;
			package = 8B682B242D3B341B00A5AC34 /* XCRemoteSwiftPackageReference "firebase-ios-sdk" */;
			productName = FirebaseAuth;
		};
		8B7040A72D3DFE88007E4BDB /* FirebaseDatabase */ = {
			isa = XCSwiftPackageProductDependency;
			package = 8B682B242D3B341B00A5AC34 /* XCRemoteSwiftPackageReference "firebase-ios-sdk" */;
			productName = FirebaseDatabase;
		};
/* End XCSwiftPackageProductDependency section */
	};
	rootObject = 8B6AF0F82D348F3A00BB31B9 /* Project object */;
}
